
Microsoft Visual Studio Solution File, Format Version 12.00
# Visual Studio Version 16
VisualStudioVersion = 16.0.31729.503
MinimumVisualStudioVersion = 10.0.40219.1
Project("{FAE04EC0-301F-11D3-BF4B-00C04F79EFBC}") = "Muhasabe", "Muhasabe\Muhasabe.csproj", "{78A23F34-19E7-4D3B-8BE7-9D3B4B8DA52C}"
EndProject
Project("{FAE04EC0-301F-11D3-BF4B-00C04F79EFBC}") = "BusinessLayer", "BusinessLayer\BusinessLayer.csproj", "{7D9B17AC-05FB-4836-9435-CEFB5B2992AD}"
EndProject
Global
	GlobalSection(SolutionConfigurationPlatforms) = preSolution
		Debug|Any CPU = Debug|Any CPU
		Release|Any CPU = Release|Any CPU
	EndGlobalSection
	GlobalSection(ProjectConfigurationPlatforms) = postSolution
		{78A23F34-19E7-4D3B-8BE7-9D3B4B8DA52C}.Debug|Any CPU.ActiveCfg = Debug|Any CPU
		{78A23F34-19E7-4D3B-8BE7-9D3B4B8DA52C}.Debug|Any CPU.Build.0 = Debug|Any CPU
		{78A23F34-19E7-4D3B-8BE7-9D3B4B8DA52C}.Release|Any CPU.ActiveCfg = Release|Any CPU
		{78A23F34-19E7-4D3B-8BE7-9D3B4B8DA52C}.Release|Any CPU.Build.0 = Release|Any CPU
		{7D9B17AC-05FB-4836-9435-CEFB5B2992AD}.Debug|Any CPU.ActiveCfg = Debug|Any CPU
		{7D9B17AC-05FB-4836-9435-CEFB5B2992AD}.Debug|Any CPU.Build.0 = Debug|Any CPU
		{7D9B17AC-05FB-4836-9435-CEFB5B2992AD}.Release|Any CPU.ActiveCfg = Release|Any CPU
		{7D9B17AC-05FB-4836-9435-CEFB5B2992AD}.Release|Any CPU.Build.0 = Release|Any CPU
	EndGlobalSection
	GlobalSection(SolutionProperties) = preSolution
		HideSolutionNode = FALSE
	EndGlobalSection
	GlobalSection(ExtensibilityGlobals) = postSolution
		SolutionGuid = {0A32AABF-E46A-499F-81FD-AE3F146E6B86}
	EndGlobalSection
EndGlobal
